PODS:
  - Differentiator (5.0.0)
  - Kingfisher (6.3.1)
  - RxCocoa (6.2.0):
    - RxRelay (= 6.2.0)
    - RxSwift (= 6.2.0)
  - RxDataSources (5.0.0):
    - Differentiator (~> 5.0)
    - RxCocoa (~> 6.0)
    - RxSwift (~> 6.0)
  - RxRelay (6.2.0):
    - RxSwift (= 6.2.0)
  - RxSwift (6.2.0)
  - RxViewController (2.0.0):
    - RxCocoa (~> 6.0)
    - RxSwift (~> 6.0)
  - SwiftLint (0.45.0)

DEPENDENCIES:
  - Kingfisher (~> 6.3.1)
  - RxCocoa
  - RxDataSources
  - RxSwift
  - RxViewController
  - SwiftLint

SPEC REPOS:
  trunk:
    - Differentiator
    - Kingfisher
    - RxCocoa
    - RxDataSources
    - RxRelay
    - RxSwift
    - RxViewController
    - SwiftLint

SPEC CHECKSUMS:
  Differentiator: e8497ceab83c1b10ca233716d547b9af21b9344d
  Kingfisher: 016c8b653a35add51dd34a3aba36b580041acc74
  RxCocoa: 4baf94bb35f2c0ab31bc0cb9f1900155f646ba42
  RxDataSources: aa47cc1ed6c500fa0dfecac5c979b723542d79cf
  RxRelay: e72dbfd157807478401ef1982e1c61c945c94b2f
  RxSwift: d356ab7bee873611322f134c5f9ef379fa183d8f
  RxViewController: 56486fa0afd629a1d6b5ba077f3b8cd9dc31b5d2
  SwiftLint: e5c7f1fba68eccfc51509d5b2ce1699f5502e0c7

PODFILE CHECKSUM: a78436dc5f4b5926042eae269f80b99d549427a6

COCOAPODS: 1.10.1
